# This file was autogenerated by Stack.
# You should not edit this file by hand.
# For more information, please see the documentation at:
#   https://docs.haskellstack.org/en/stable/topics/lock_files

packages:
- completed:
    hackage: hakyll-sass-0.2.0@sha256:afdc3b9e76e09fc1aaf7f9cceb780a2e062ec56aab20659804b8f35d3bb85bb5,694
    pantry-tree:
      sha256: bb676d6e6b9d911f048887667c73ae34879837af6145c19c4c44af56f916ac22
      size: 217
  original:
    hackage: hakyll-sass-0.2.0
- completed:
    hackage: shelly-1.8.1@sha256:e043ee55fb6d1cd060c28bd0b2a127b8284770ba622b5b9c397ef27340052e33,5206
    pantry-tree:
      sha256: 31ec7cb98db424c23d7c2cf9caa80c1246d8bdc75e3c07e40131fb8e61b55c8a
      size: 2314
  original:
    hackage: shelly-1.8.1
snapshots:
- completed:
    sha256: ba3b9604e39e03fedf5ed33d3d40ed5841e0afacfcbd2ad79867ba0c66571c2c
    size: 504393
    url: https://raw.githubusercontent.com/commercialhaskell/stackage-snapshots/master/nightly/2019/2/6.yaml
  original: nightly-2019-02-06
